github.com/go-test/deep v1.0.1 h1:UQhStjbkDClarlmv0am7OXXO4/GaPdCGiUiMTvi28sg=
github.com/go-test/deep v1.0.1/go.mod h1:wGDj63lr65AM2AQyKZd/NYHGb0R+1RLqB8NKt3aSFNA=
github.com/jessevdk/go-flags v1.6.1 h1:Cvu5U8UGrLay1rZfv/zP7iLpSHGUZ/Ou68T0iX1bBK4=
github.com/jessevdk/go-flags v1.6.1/go.mod h1:Mk8T1hIAWpOiJiHa9rJASDK2UGWji0EuPGBnNLMooyc=
github.com/karetskiiVO/slices v0.0.0-20250413160929-df8175243917 h1:GzYZ12gslRXKgpbMKzVArVSmlXo9nHRWcNko4LDWoMg=
github.com/karetskiiVO/slices v0.0.0-20250413160929-df8175243917/go.mod h1:GkAOgm64a32UehuvhFHGwDj4P/rkP5NZ0WGeJYSG+fI=
github.com/karetskiiVO/slices v0.0.0-20251031220617-63d18814a796 h1:Ey2VUCUKLa2ztOsp3VH8hMrHfhAMZ3MB7wGr/VXNmgQ=
github.com/karetskiiVO/slices v0.0.0-20251031220617-63d18814a796/go.mod h1:GkAOgm64a32UehuvhFHGwDj4P/rkP5NZ0WGeJYSG+fI=
github.com/qmuntal/gltf v0.28.0 h1:C4A1temWMPtcI2+qNfpfRq8FEJxoBGUN3ZZM8BCc+xU=
github.com/qmuntal/gltf v0.28.0/go.mod h1:YoXZOt0Nc0kIfSKOLZIRoV4FycdC+GzE+3JgiAGYoMs=
golang.org/x/sys v0.21.0 h1:rF+pYz3DAGSQAxAu1CbC7catZg4ebC4UIeIhKxBZvws=
golang.org/x/sys v0.21.0/go.mod h1:/VUhepiaJMQUp4+oa/7Zr1D23ma6VTLIYjOOTFZPUcA=
